// !$*UTF8*$!
{
	archiveVersion = 1;
	classes = {
	};
	objectVersion = 52;
	objects = {

/* Begin PBXBuildFile section */
		E3E84666251A8266007B66E7 /* AppDelegate.swift in Sources */ = {isa = PBXBuildFile; fileRef = E3E84665251A8266007B66E7 /* AppDelegate.swift */; };
		E3E84668251A8266007B66E7 /* SceneDelegate.swift in Sources */ = {isa = PBXBuildFile; fileRef = E3E84667251A8266007B66E7 /* SceneDelegate.swift */; };
		E3E8466A251A8266007B66E7 /* ViewController.swift in Sources */ = {isa = PBXBuildFile; fileRef = E3E84669251A8266007B66E7 /* ViewController.swift */; };
		E3E8466D251A8266007B66E7 /* Main.storyboard in Resources */ = {isa = PBXBuildFile; fileRef = E3E8466B251A8266007B66E7 /* Main.storyboard */; };
		E3E8466F251A8268007B66E7 /* Assets.xcassets in Resources */ = {isa = PBXBuildFile; fileRef = E3E8466E251A8268007B66E7 /* Assets.xcassets */; };
		E3E84672251A8268007B66E7 /* LaunchScreen.storyboard in Resources */ = {isa = PBXBuildFile; fileRef = E3E84670251A8268007B66E7 /* LaunchScreen.storyboard */; };
		E3E8467D251A8268007B66E7 /* MobileExerciseTests.swift in Sources */ = {isa = PBXBuildFile; fileRef = E3E8467C251A8268007B66E7 /* MobileExerciseTests.swift */; };
		E3E84688251A8268007B66E7 /* MobileExerciseUITests.swift in Sources */ = {isa = PBXBuildFile; fileRef = E3E84687251A8268007B66E7 /* MobileExerciseUITests.swift */; };
		E3E84697251A8590007B66E7 /* Kingfisher in Frameworks */ = {isa = PBXBuildFile; productRef = E3E84696251A8590007B66E7 /* Kingfisher */; };
		E3E8469A251A87C3007B66E7 /* Lottie in Frameworks */ = {isa = PBXBuildFile; productRef = E3E84699251A87C3007B66E7 /* Lottie */; };
/* End PBXBuildFile section */

/* Begin PBXContainerItemProxy section */
		E3E84679251A8268007B66E7 /* PBXContainerItemProxy */ = {
			isa = PBXContainerItemProxy;
			containerPortal = E3E8465A251A8266007B66E7 /* Project object */;
			proxyType = 1;
			remoteGlobalIDString = E3E84661251A8266007B66E7;
			remoteInfo = MobileExercise;
		};
		E3E84684251A8268007B66E7 /* PBXContainerItemProxy */ = {
			isa = PBXContainerItemProxy;
			containerPortal = E3E8465A251A8266007B66E7 /* Project object */;
			proxyType = 1;
			remoteGlobalIDString = E3E84661251A8266007B66E7;
			remoteInfo = MobileExercise;
		};
/* End PBXContainerItemProxy section */

/* Begin PBXFileReference section */
		E3E84662251A8266007B66E7 /* MobileExercise.app */ = {isa = PBXFileReference; explicitFileType = wrapper.application; includeInIndex = 0; path = MobileExercise.app; sourceTree = BUILT_PRODUCTS_DIR; };
		E3E84665251A8266007B66E7 /* AppDelegate.swift */ = {isa = PBXFileReference; lastKnownFileType = sourcecode.swift; path = AppDelegate.swift; sourceTree = "<group>"; };
		E3E84667251A8266007B66E7 /* SceneDelegate.swift */ = {isa = PBXFileReference; lastKnownFileType = sourcecode.swift; path = SceneDelegate.swift; sourceTree = "<group>"; };
		E3E84669251A8266007B66E7 /* ViewController.swift */ = {isa = PBXFileReference; lastKnownFileType = sourcecode.swift; path = ViewController.swift; sourceTree = "<group>"; };
		E3E8466C251A8266007B66E7 /* Base */ = {isa = PBXFileReference; lastKnownFileType = file.storyboard; name = Base; path = Base.lproj/Main.storyboard; sourceTree = "<group>"; };
		E3E8466E251A8268007B66E7 /* Assets.xcassets */ = {isa = PBXFileReference; lastKnownFileType = folder.assetcatalog; path = Assets.xcassets; sourceTree = "<group>"; };
		E3E84671251A8268007B66E7 /* Base */ = {isa = PBXFileReference; lastKnownFileType = file.storyboard; name = Base; path = Base.lproj/LaunchScreen.storyboard; sourceTree = "<group>"; };
		E3E84673251A8268007B66E7 /* Info.plist */ = {isa = PBXFileReference; lastKnownFileType = text.plist.xml; path = Info.plist; sourceTree = "<group>"; };
		E3E84678251A8268007B66E7 /* MobileExerciseTests.xctest */ = {isa = PBXFileReference; explicitFileType = wrapper.cfbundle; includeInIndex = 0; path = MobileExerciseTests.xctest; sourceTree = BUILT_PRODUCTS_DIR; };
		E3E8467C251A8268007B66E7 /* MobileExerciseTests.swift */ = {isa = PBXFileReference; lastKnownFileType = sourcecode.swift; path = MobileExerciseTests.swift; sourceTree = "<group>"; };
		E3E8467E251A8268007B66E7 /* Info.plist */ = {isa = PBXFileReference; lastKnownFileType = text.plist.xml; path = Info.plist; sourceTree = "<group>"; };
		E3E84683251A8268007B66E7 /* MobileExerciseUITests.xctest */ = {isa = PBXFileReference; explicitFileType = wrapper.cfbundle; includeInIndex = 0; path = MobileExerciseUITests.xctest; sourceTree = BUILT_PRODUCTS_DIR; };
		E3E84687251A8268007B66E7 /* MobileExerciseUITests.swift */ = {isa = PBXFileReference; lastKnownFileType = sourcecode.swift; path = MobileExerciseUITests.swift; sourceTree = "<group>"; };
		E3E84689251A8268007B66E7 /* Info.plist */ = {isa = PBXFileReference; lastKnownFileType = text.plist.xml; path = Info.plist; sourceTree = "<group>"; };
/* End PBXFileReference section */

/* Begin PBXFrameworksBuildPhase section */
		E3E8465F251A8266007B66E7 /* Frameworks */ = {
			isa = PBXFrameworksBuildPhase;
			buildActionMask = 2147483647;
			files = (
				E3E84697251A8590007B66E7 /* Kingfisher in Frameworks */,
				E3E8469A251A87C3007B66E7 /* Lottie in Frameworks */,
			);
			runOnlyForDeploymentPostprocessing = 0;
		};
		E3E84675251A8268007B66E7 /* Frameworks */ = {
			isa = PBXFrameworksBuildPhase;
			buildActionMask = 2147483647;
			files = (
			);
			runOnlyForDeploymentPostprocessing = 0;
		};
		E3E84680251A8268007B66E7 /* Frameworks */ = {
			isa = PBXFrameworksBuildPhase;
			buildActionMask = 2147483647;
			files = (
			);
			runOnlyForDeploymentPostprocessing = 0;
		};
/* End PBXFrameworksBuildPhase section */

/* Begin PBXGroup section */
		E3E84659251A8266007B66E7 = {
			isa = PBXGroup;
			children = (
				E3E84664251A8266007B66E7 /* MobileExercise */,
				E3E8467B251A8268007B66E7 /* MobileExerciseTests */,
				E3E84686251A8268007B66E7 /* MobileExerciseUITests */,
				E3E84663251A8266007B66E7 /* Products */,
			);
			sourceTree = "<group>";
		};
		E3E84663251A8266007B66E7 /* Products */ = {
			isa = PBXGroup;
			children = (
				E3E84662251A8266007B66E7 /* MobileExercise.app */,
				E3E84678251A8268007B66E7 /* MobileExerciseTests.xctest */,
				E3E84683251A8268007B66E7 /* MobileExerciseUITests.xctest */,
			);
			name = Products;
			sourceTree = "<group>";
		};
		E3E84664251A8266007B66E7 /* MobileExercise */ = {
			isa = PBXGroup;
			children = (
				E3E84665251A8266007B66E7 /* AppDelegate.swift */,
				E3E84667251A8266007B66E7 /* SceneDelegate.swift */,
				E3E84669251A8266007B66E7 /* ViewController.swift */,
				E3E8466B251A8266007B66E7 /* Main.storyboard */,
				E3E8466E251A8268007B66E7 /* Assets.xcassets */,
				E3E84670251A8268007B66E7 /* LaunchScreen.storyboard */,
				E3E84673251A8268007B66E7 /* Info.plist */,
			);
			path = MobileExercise;
			sourceTree = "<group>";
		};
		E3E8467B251A8268007B66E7 /* MobileExerciseTests */ = {
			isa = PBXGroup;
			children = (
				E3E8467C251A8268007B66E7 /* MobileExerciseTests.swift */,
				E3E8467E251A8268007B66E7 /* Info.plist */,
			);
			path = MobileExerciseTests;
			sourceTree = "<group>";
		};
		E3E84686251A8268007B66E7 /* MobileExerciseUITests */ = {
			isa = PBXGroup;
			children = (
				E3E84687251A8268007B66E7 /* MobileExerciseUITests.swift */,
				E3E84689251A8268007B66E7 /* Info.plist */,
			);
			path = MobileExerciseUITests;
			sourceTree = "<group>";
		};
/* End PBXGroup section */

/* Begin PBXNativeTarget section */
		E3E84661251A8266007B66E7 /* MobileExercise */ = {
			isa = PBXNativeTarget;
			buildConfigurationList = E3E8468C251A8268007B66E7 /* Build configuration list for PBXNativeTarget "MobileExercise" */;
			buildPhases = (
				E3E8465E251A8266007B66E7 /* Sources */,
				E3E8465F251A8266007B66E7 /* Frameworks */,
				E3E84660251A8266007B66E7 /* Resources */,
			);
			buildRules = (
			);
			dependencies = (
			);
			name = MobileExercise;
			packageProductDependencies = (
				E3E84696251A8590007B66E7 /* Kingfisher */,
				E3E84699251A87C3007B66E7 /* Lottie */,
			);
			productName = MobileExercise;
			productReference = E3E84662251A8266007B66E7 /* MobileExercise.app */;
			productType = "com.apple.product-type.application";
		};
		E3E84677251A8268007B66E7 /* MobileExerciseTests */ = {
			isa = PBXNativeTarget;
			buildConfigurationList = E3E8468F251A8268007B66E7 /* Build configuration list for PBXNativeTarget "MobileExerciseTests" */;
			buildPhases = (
				E3E84674251A8268007B66E7 /* Sources */,
				E3E84675251A8268007B66E7 /* Frameworks */,
				E3E84676251A8268007B66E7 /* Resources */,
			);
			buildRules = (
			);
			dependencies = (
				E3E8467A251A8268007B66E7 /* PBXTargetDependency */,
			);
			name = MobileExerciseTests;
			productName = MobileExerciseTests;
			productReference = E3E84678251A8268007B66E7 /* MobileExerciseTests.xctest */;
			productType = "com.apple.product-type.bundle.unit-test";
		};
		E3E84682251A8268007B66E7 /* MobileExerciseUITests */ = {
			isa = PBXNativeTarget;
			buildConfigurationList = E3E84692251A8268007B66E7 /* Build configuration list for PBXNativeTarget "MobileExerciseUITests" */;
			buildPhases = (
				E3E8467F251A8268007B66E7 /* Sources */,
				E3E84680251A8268007B66E7 /* Frameworks */,
				E3E84681251A8268007B66E7 /* Resources */,
			);
			buildRules = (
			);
			dependencies = (
				E3E84685251A8268007B66E7 /* PBXTargetDependency */,
			);
			name = MobileExerciseUITests;
			productName = MobileExerciseUITests;
			productReference = E3E84683251A8268007B66E7 /* MobileExerciseUITests.xctest */;
			productType = "com.apple.product-type.bundle.ui-testing";
		};
/* End PBXNativeTarget section */

/* Begin PBXProject section */
		E3E8465A251A8266007B66E7 /* Project object */ = {
			isa = PBXProject;
			attributes = {
				LastSwiftUpdateCheck = 1140;
				LastUpgradeCheck = 1140;
				ORGANIZATIONNAME = "Jawad Ali";
				TargetAttributes = {
					E3E84661251A8266007B66E7 = {
						CreatedOnToolsVersion = 11.4.1;
					};
					E3E84677251A8268007B66E7 = {
						CreatedOnToolsVersion = 11.4.1;
						TestTargetID = E3E84661251A8266007B66E7;
					};
					E3E84682251A8268007B66E7 = {
						CreatedOnToolsVersion = 11.4.1;
						TestTargetID = E3E84661251A8266007B66E7;
					};
				};
			};
			buildConfigurationList = E3E8465D251A8266007B66E7 /* Build configuration list for PBXProject "MobileExercise" */;
			compatibilityVersion = "Xcode 9.3";
			developmentRegion = en;
			hasScannedForEncodings = 0;
			knownRegions = (
				en,
				Base,
			);
			mainGroup = E3E84659251A8266007B66E7;
			packageReferences = (
				E3E84695251A8590007B66E7 /* XCRemoteSwiftPackageReference "Kingfisher" */,
				E3E84698251A87C3007B66E7 /* XCRemoteSwiftPackageReference "lottie-ios" */,
			);
			productRefGroup = E3E84663251A8266007B66E7 /* Products */;
			projectDirPath = "";
			projectRoot = "";
			targets = (
				E3E84661251A8266007B66E7 /* MobileExercise */,
				E3E84677251A8268007B66E7 /* MobileExerciseTests */,
				E3E84682251A8268007B66E7 /* MobileExerciseUITests */,
			);
		};
/* End PBXProject section */

/* Begin PBXResourcesBuildPhase section */
		E3E84660251A8266007B66E7 /* Resources */ = {
			isa = PBXResourcesBuildPhase;
			buildActionMask = 2147483647;
			files = (
				E3E84672251A8268007B66E7 /* LaunchScreen.storyboard in Resources */,
				E3E8466F251A8268007B66E7 /* Assets.xcassets in Resources */,
				E3E8466D251A8266007B66E7 /* Main.storyboard in Resources */,
			);
			runOnlyForDeploymentPostprocessing = 0;
		};
		E3E84676251A8268007B66E7 /* Resources */ = {
			isa = PBXResourcesBuildPhase;
			buildActionMask = 2147483647;
			files = (
			);
			runOnlyForDeploymentPostprocessing = 0;
		};
		E3E84681251A8268007B66E7 /* Resources */ = {
			isa = PBXResourcesBuildPhase;
			buildActionMask = 2147483647;
			files = (
			);
			runOnlyForDeploymentPostprocessing = 0;
		};
/* End PBXResourcesBuildPhase section */

/* Begin PBXSourcesBuildPhase section */
		E3E8465E251A8266007B66E7 /* Sources */ = {
			isa = PBXSourcesBuildPhase;
			buildActionMask = 2147483647;
			files = (
				E3E8466A251A8266007B66E7 /* ViewController.swift in Sources */,
				E3E84666251A8266007B66E7 /* AppDelegate.swift in Sources */,
				E3E84668251A8266007B66E7 /* SceneDelegate.swift in Sources */,
			);
			runOnlyForDeploymentPostprocessing = 0;
		};
		E3E84674251A8268007B66E7 /* Sources */ = {
			isa = PBXSourcesBuildPhase;
			buildActionMask = 2147483647;
			files = (
				E3E8467D251A8268007B66E7 /* MobileExerciseTests.swift in Sources */,
			);
			runOnlyForDeploymentPostprocessing = 0;
		};
		E3E8467F251A8268007B66E7 /* Sources */ = {
			isa = PBXSourcesBuildPhase;
			buildActionMask = 2147483647;
			files = (
				E3E84688251A8268007B66E7 /* MobileExerciseUITests.swift in Sources */,
			);
			runOnlyForDeploymentPostprocessing = 0;
		};
/* End PBXSourcesBuildPhase section */

/* Begin PBXTargetDependency section */
		E3E8467A251A8268007B66E7 /* PBXTargetDependency */ = {
			isa = PBXTargetDependency;
			target = E3E84661251A8266007B66E7 /* MobileExercise */;
			targetProxy = E3E84679251A8268007B66E7 /* PBXContainerItemProxy */;
		};
		E3E84685251A8268007B66E7 /* PBXTargetDependency */ = {
			isa = PBXTargetDependency;
			target = E3E84661251A8266007B66E7 /* MobileExercise */;
			targetProxy = E3E84684251A8268007B66E7 /* PBXContainerItemProxy */;
		};
/* End PBXTargetDependency section */

/* Begin PBXVariantGroup section */
		E3E8466B251A8266007B66E7 /* Main.storyboard */ = {
			isa = PBXVariantGroup;
			children = (
				E3E8466C251A8266007B66E7 /* Base */,
			);
			name = Main.storyboard;
			sourceTree = "<group>";
		};
		E3E84670251A8268007B66E7 /* LaunchScreen.storyboard */ = {
			isa = PBXVariantGroup;
			children = (
				E3E84671251A8268007B66E7 /* Base */,
			);
			name = LaunchScreen.storyboard;
			sourceTree = "<group>";
		};
/* End PBXVariantGroup section */

/* Begin XCBuildConfiguration section */
		E3E8468A251A8268007B66E7 /* Debug */ = {
			isa = XCBuildConfiguration;
			buildSettings = {
				ALWAYS_SEARCH_USER_PATHS = NO;
				CLANG_ANALYZER_NONNULL = YES;
				CLANG_ANALYZER_NUMBER_OBJECT_CONVERSION = YES_AGGRESSIVE;
				CLANG_CXX_LANGUAGE_STANDARD = "gnu++14";
				CLANG_CXX_LIBRARY = "libc++";
				CLANG_ENABLE_MODULES = YES;
				CLANG_ENABLE_OBJC_ARC = YES;
				CLANG_ENABLE_OBJC_WEAK = YES;
				CLANG_WARN_BLOCK_CAPTURE_AUTORELEASING = YES;
				CLANG_WARN_BOOL_CONVERSION = YES;
				CLANG_WARN_COMMA = YES;
				CLANG_WARN_CONSTANT_CONVERSION = YES;
				CLANG_WARN_DEPRECATED_OBJC_IMPLEMENTATIONS = YES;
				CLANG_WARN_DIRECT_OBJC_ISA_USAGE = YES_ERROR;
				CLANG_WARN_DOCUMENTATION_COMMENTS = YES;
				CLANG_WARN_EMPTY_BODY = YES;
				CLANG_WARN_ENUM_CONVERSION = YES;
				CLANG_WARN_INFINITE_RECURSION = YES;
				CLANG_WARN_INT_CONVERSION = YES;
				CLANG_WARN_NON_LITERAL_NULL_CONVERSION = YES;
				CLANG_WARN_OBJC_IMPLICIT_RETAIN_SELF = YES;
				CLANG_WARN_OBJC_LITERAL_CONVERSION = YES;
				CLANG_WARN_OBJC_ROOT_CLASS = YES_ERROR;
				CLANG_WARN_RANGE_LOOP_ANALYSIS = YES;
				CLANG_WARN_STRICT_PROTOTYPES = YES;
				CLANG_WARN_SUSPICIOUS_MOVE = YES;
				CLANG_WARN_UNGUARDED_AVAILABILITY = YES_AGGRESSIVE;
				CLANG_WARN_UNREACHABLE_CODE = YES;
				CLANG_WARN__DUPLICATE_METHOD_MATCH = YES;
				COPY_PHASE_STRIP = NO;
				DEBUG_INFORMATION_FORMAT = dwarf;
				ENABLE_STRICT_OBJC_MSGSEND = YES;
				ENABLE_TESTABILITY = YES;
				GCC_C_LANGUAGE_STANDARD = gnu11;
				GCC_DYNAMIC_NO_PIC = NO;
				GCC_NO_COMMON_BLOCKS = YES;
				GCC_OPTIMIZATION_LEVEL = 0;
				GCC_PREPROCESSOR_DEFINITIONS = (
					"DEBUG=1",
					"$(inherited)",
				);
				GCC_WARN_64_TO_32_BIT_CONVERSION = YES;
				GCC_WARN_ABOUT_RETURN_TYPE = YES_ERROR;
				GCC_WARN_UNDECLARED_SELECTOR = YES;
				GCC_WARN_UNINITIALIZED_AUTOS = YES_AGGRESSIVE;
				GCC_WARN_UNUSED_FUNCTION = YES;
				GCC_WARN_UNUSED_VARIABLE = YES;
				IPHONEOS_DEPLOYMENT_TARGET = 13.4;
				MTL_ENABLE_DEBUG_INFO = INCLUDE_SOURCE;
				MTL_FAST_MATH = YES;
				ONLY_ACTIVE_ARCH = YES;
				SDKROOT = iphoneos;
				SWIFT_ACTIVE_COMPILATION_CONDITIONS = DEBUG;
				SWIFT_OPTIMIZATION_LEVEL = "-Onone";
			};
			name = Debug;
		};
		E3E8468B251A8268007B66E7 /* Release */ = {
			isa = XCBuildConfiguration;
			buildSettings = {
				ALWAYS_SEARCH_USER_PATHS = NO;
				CLANG_ANALYZER_NONNULL = YES;
				CLANG_ANALYZER_NUMBER_OBJECT_CONVERSION = YES_AGGRESSIVE;
				CLANG_CXX_LANGUAGE_STANDARD = "gnu++14";
				CLANG_CXX_LIBRARY = "libc++";
				CLANG_ENABLE_MODULES = YES;
				CLANG_ENABLE_OBJC_ARC = YES;
				CLANG_ENABLE_OBJC_WEAK = YES;
				CLANG_WARN_BLOCK_CAPTURE_AUTORELEASING = YES;
				CLANG_WARN_BOOL_CONVERSION = YES;
				CLANG_WARN_COMMA = YES;
				CLANG_WARN_CONSTANT_CONVERSION = YES;
				CLANG_WARN_DEPRECATED_OBJC_IMPLEMENTATIONS = YES;
				CLANG_WARN_DIRECT_OBJC_ISA_USAGE = YES_ERROR;
				CLANG_WARN_DOCUMENTATION_COMMENTS = YES;
				CLANG_WARN_EMPTY_BODY = YES;
				CLANG_WARN_ENUM_CONVERSION = YES;
				CLANG_WARN_INFINITE_RECURSION = YES;
				CLANG_WARN_INT_CONVERSION = YES;
				CLANG_WARN_NON_LITERAL_NULL_CONVERSION = YES;
				CLANG_WARN_OBJC_IMPLICIT_RETAIN_SELF = YES;
				CLANG_WARN_OBJC_LITERAL_CONVERSION = YES;
				CLANG_WARN_OBJC_ROOT_CLASS = YES_ERROR;
				CLANG_WARN_RANGE_LOOP_ANALYSIS = YES;
				CLANG_WARN_STRICT_PROTOTYPES = YES;
				CLANG_WARN_SUSPICIOUS_MOVE = YES;
				CLANG_WARN_UNGUARDED_AVAILABILITY = YES_AGGRESSIVE;
				CLANG_WARN_UNREACHABLE_CODE = YES;
				CLANG_WARN__DUPLICATE_METHOD_MATCH = YES;
				COPY_PHASE_STRIP = NO;
				DEBUG_INFORMATION_FORMAT = "dwarf-with-dsym";
				ENABLE_NS_ASSERTIONS = NO;
				ENABLE_STRICT_OBJC_MSGSEND = YES;
				GCC_C_LANGUAGE_STANDARD = gnu11;
				GCC_NO_COMMON_BLOCKS = YES;
				GCC_WARN_64_TO_32_BIT_CONVERSION = YES;
				GCC_WARN_ABOUT_RETURN_TYPE = YES_ERROR;
				GCC_WARN_UNDECLARED_SELECTOR = YES;
				GCC_WARN_UNINITIALIZED_AUTOS = YES_AGGRESSIVE;
				GCC_WARN_UNUSED_FUNCTION = YES;
				GCC_WARN_UNUSED_VARIABLE = YES;
				IPHONEOS_DEPLOYMENT_TARGET = 13.4;
				MTL_ENABLE_DEBUG_INFO = NO;
				MTL_FAST_MATH = YES;
				SDKROOT = iphoneos;
				SWIFT_COMPILATION_MODE = wholemodule;
				SWIFT_OPTIMIZATION_LEVEL = "-O";
				VALIDATE_PRODUCT = YES;
			};
			name = Release;
		};
		E3E8468D251A8268007B66E7 /* Debug */ = {
			isa = XCBuildConfiguration;
			buildSettings = {
				ASSETCATALOG_COMPILER_APPICON_NAME = AppIcon;
				CODE_SIGN_STYLE = Automatic;
				DEVELOPMENT_TEAM = 7VBQS7JDYT;
				INFOPLIST_FILE = MobileExercise/Info.plist;
				LD_RUNPATH_SEARCH_PATHS = (
					"$(inherited)",
					"@executable_path/Frameworks",
				);
				PRODUCT_BUNDLE_IDENTIFIER = XeroT.MobileExercise;
				PRODUCT_NAME = "$(TARGET_NAME)";
				SWIFT_VERSION = 5.0;
				TARGETED_DEVICE_FAMILY = "1,2";
			};
			name = Debug;
		};
		E3E8468E251A8268007B66E7 /* Release */ = {
			isa = XCBuildConfiguration;
			buildSettings = {
				ASSETCATALOG_COMPILER_APPICON_NAME = AppIcon;
				CODE_SIGN_STYLE = Automatic;
				DEVELOPMENT_TEAM = 7VBQS7JDYT;
				INFOPLIST_FILE = MobileExercise/Info.plist;
				LD_RUNPATH_SEARCH_PATHS = (
					"$(inherited)",
					"@executable_path/Frameworks",
				);
				PRODUCT_BUNDLE_IDENTIFIER = XeroT.MobileExercise;
				PRODUCT_NAME = "$(TARGET_NAME)";
				SWIFT_VERSION = 5.0;
				TARGETED_DEVICE_FAMILY = "1,2";
			};
			name = Release;
		};
		E3E84690251A8268007B66E7 /* Debug */ = {
			isa = XCBuildConfiguration;
			buildSettings = {
				ALWAYS_EMBED_SWIFT_STANDARD_LIBRARIES = YES;
				BUNDLE_LOADER = "$(TEST_HOST)";
				CODE_SIGN_STYLE = Automatic;
				DEVELOPMENT_TEAM = 7VBQS7JDYT;
				INFOPLIST_FILE = MobileExerciseTests/Info.plist;
				IPHONEOS_DEPLOYMENT_TARGET = 13.4;
				LD_RUNPATH_SEARCH_PATHS = (
					"$(inherited)",
					"@executable_path/Frameworks",
					"@loader_path/Frameworks",
				);
				PRODUCT_BUNDLE_IDENTIFIER = XeroT.MobileExerciseTests;
				PRODUCT_NAME = "$(TARGET_NAME)";
				SWIFT_VERSION = 5.0;
				TARGETED_DEVICE_FAMILY = "1,2";
				TEST_HOST = "$(BUILT_PRODUCTS_DIR)/MobileExercise.app/MobileExercise";
			};
			name = Debug;
		};
		E3E84691251A8268007B66E7 /* Release */ = {
			isa = XCBuildConfiguration;
			buildSettings = {
				ALWAYS_EMBED_SWIFT_STANDARD_LIBRARIES = YES;
				BUNDLE_LOADER = "$(TEST_HOST)";
				CODE_SIGN_STYLE = Automatic;
				DEVELOPMENT_TEAM = 7VBQS7JDYT;
				INFOPLIST_FILE = MobileExerciseTests/Info.plist;
				IPHONEOS_DEPLOYMENT_TARGET = 13.4;
				LD_RUNPATH_SEARCH_PATHS = (
					"$(inherited)",
					"@executable_path/Frameworks",
					"@loader_path/Frameworks",
				);
				PRODUCT_BUNDLE_IDENTIFIER = XeroT.MobileExerciseTests;
				PRODUCT_NAME = "$(TARGET_NAME)";
				SWIFT_VERSION = 5.0;
				TARGETED_DEVICE_FAMILY = "1,2";
				TEST_HOST = "$(BUILT_PRODUCTS_DIR)/MobileExercise.app/MobileExercise";
			};
			name = Release;
		};
		E3E84693251A8268007B66E7 /* Debug */ = {
			isa = XCBuildConfiguration;
			buildSettings = {
				ALWAYS_EMBED_SWIFT_STANDARD_LIBRARIES = YES;
				CODE_SIGN_STYLE = Automatic;
				DEVELOPMENT_TEAM = 7VBQS7JDYT;
				INFOPLIST_FILE = MobileExerciseUITests/Info.plist;
				LD_RUNPATH_SEARCH_PATHS = (
					"$(inherited)",
					"@executable_path/Frameworks",
					"@loader_path/Frameworks",
				);
				PRODUCT_BUNDLE_IDENTIFIER = XeroT.MobileExerciseUITests;
				PRODUCT_NAME = "$(TARGET_NAME)";
				SWIFT_VERSION = 5.0;
				TARGETED_DEVICE_FAMILY = "1,2";
				TEST_TARGET_NAME = MobileExercise;
			};
			name = Debug;
		};
		E3E84694251A8268007B66E7 /* Release */ = {
			isa = XCBuildConfiguration;
			buildSettings = {
				ALWAYS_EMBED_SWIFT_STANDARD_LIBRARIES = YES;
				CODE_SIGN_STYLE = Automatic;
				DEVELOPMENT_TEAM = 7VBQS7JDYT;
				INFOPLIST_FILE = MobileExerciseUITests/Info.plist;
				LD_RUNPATH_SEARCH_PATHS = (
					"$(inherited)",
					"@executable_path/Frameworks",
					"@loader_path/Frameworks",
				);
				PRODUCT_BUNDLE_IDENTIFIER = XeroT.MobileExerciseUITests;
				PRODUCT_NAME = "$(TARGET_NAME)";
				SWIFT_VERSION = 5.0;
				TARGETED_DEVICE_FAMILY = "1,2";
				TEST_TARGET_NAME = MobileExercise;
			};
			name = Release;
		};
/* End XCBuildConfiguration section */

/* Begin XCConfigurationList section */
		E3E8465D251A8266007B66E7 /* Build configuration list for PBXProject "MobileExercise" */ = {
			isa = XCConfigurationList;
			buildConfigurations = (
				E3E8468A251A8268007B66E7 /* Debug */,
				E3E8468B251A8268007B66E7 /* Release */,
			);
			defaultConfigurationIsVisible = 0;
			defaultConfigurationName = Release;
		};
		E3E8468C251A8268007B66E7 /* Build configuration list for PBXNativeTarget "MobileExercise" */ = {
			isa = XCConfigurationList;
			buildConfigurations = (
				E3E8468D251A8268007B66E7 /* Debug */,
				E3E8468E251A8268007B66E7 /* Release */,
			);
			defaultConfigurationIsVisible = 0;
			defaultConfigurationName = Release;
		};
		E3E8468F251A8268007B66E7 /* Build configuration list for PBXNativeTarget "MobileExerciseTests" */ = {
			isa = XCConfigurationList;
			buildConfigurations = (
				E3E84690251A8268007B66E7 /* Debug */,
				E3E84691251A8268007B66E7 /* Release */,
			);
			defaultConfigurationIsVisible = 0;
			defaultConfigurationName = Release;
		};
		E3E84692251A8268007B66E7 /* Build configuration list for PBXNativeTarget "MobileExerciseUITests" */ = {
			isa = XCConfigurationList;
			buildConfigurations = (
				E3E84693251A8268007B66E7 /* Debug */,
				E3E84694251A8268007B66E7 /* Release */,
			);
			defaultConfigurationIsVisible = 0;
			defaultConfigurationName = Release;
		};
/* End XCConfigurationList section */

/* Begin XCRemoteSwiftPackageReference section */
		E3E84695251A8590007B66E7 /* XCRemoteSwiftPackageReference "Kingfisher" */ = {
			isa = XCRemoteSwiftPackageReference;
			repositoryURL = "https://github.com/onevcat/Kingfisher.git";
			requirement = {
				kind = upToNextMajorVersion;
				minimumVersion = 5.15.3;
			};
		};
		E3E84698251A87C3007B66E7 /* XCRemoteSwiftPackageReference "lottie-ios" */ = {
			isa = XCRemoteSwiftPackageReference;
			repositoryURL = "https://github.com/airbnb/lottie-ios.git";
			requirement = {
				kind = upToNextMajorVersion;
				minimumVersion = 3.1.8;
			};
		};
/* End XCRemoteSwiftPackageReference section */

/* Begin XCSwiftPackageProductDependency section */
		E3E84696251A8590007B66E7 /* Kingfisher */ = {
			isa = XCSwiftPackageProductDependency;
			package = E3E84695251A8590007B66E7 /* XCRemoteSwiftPackageReference "Kingfisher" */;
			productName = Kingfisher;
		};
		E3E84699251A87C3007B66E7 /* Lottie */ = {
			isa = XCSwiftPackageProductDependency;
			package = E3E84698251A87C3007B66E7 /* XCRemoteSwiftPackageReference "lottie-ios" */;
			productName = Lottie;
		};
/* End XCSwiftPackageProductDependency section */
	};
	rootObject = E3E8465A251A8266007B66E7 /* Project object */;
}
